
Microsoft Visual Studio Solution File, Format Version 12.00
# Visual Studio Version 16
VisualStudioVersion = 16.0.31313.79
MinimumVisualStudioVersion = 10.0.40219.1
Project("{FAE04EC0-301F-11D3-BF4B-00C04F79EFBC}") = "TRMDataManager", "TRMDataManager\TRMDataManager.csproj", "{05E118E4-24F1-406A-8731-751405FB5B1F}"
EndProject
Project("{00D1A9C2-B5F0-4AF3-8072-F6C62B433612}") = "TRMData", "TRMData\TRMData.sqlproj", "{3CC9F4E9-47B5-4980-A4D4-4E8D61F313CE}"
EndProject
Project("{FAE04EC0-301F-11D3-BF4B-00C04F79EFBC}") = "TRMDesktopUI", "TRMWPFUserInterface\TRMDesktopUI.csproj", "{CFF5460C-452C-4FC6-B0A7-09DAB70CD7C3}"
EndProject
Project("{9A19103F-16F7-4668-BE54-9A1E7A4F7556}") = "TRMDataManager.Library", "TRMDataManager.Library\TRMDataManager.Library.csproj", "{696DFD56-7B00-4D11-ABBF-2E97DB2206A0}"
EndProject
Project("{9A19103F-16F7-4668-BE54-9A1E7A4F7556}") = "TRMDesktopUI.Library", "TRMDesktopUI.Library\TRMDesktopUI.Library.csproj", "{CCCC9C0E-FE7F-4C69-B20F-69B892F0FA52}"
EndProject
Project("{2150E333-8FDC-42A3-9474-1A3956D46DE8}") = "Database", "Database", "{F00635F7-36C3-409B-B506-B642A4D67439}"
EndProject
Project("{2150E333-8FDC-42A3-9474-1A3956D46DE8}") = "API", "API", "{7CCDDD33-FB34-4B2C-B45E-9228F2CC4EE8}"
EndProject
Project("{2150E333-8FDC-42A3-9474-1A3956D46DE8}") = "WPF", "WPF", "{FA20D2D2-E7B1-4AB1-8532-842108740183}"
EndProject
Project("{FAE04EC0-301F-11D3-BF4B-00C04F79EFBC}") = "TRMApi", "TRMApi\TRMApi.csproj", "{499D104C-97C6-4942-8967-791BF00C1181}"
EndProject
Global
	GlobalSection(SolutionConfigurationPlatforms) = preSolution
		Debug|Any CPU = Debug|Any CPU
		Release|Any CPU = Release|Any CPU
	EndGlobalSection
	GlobalSection(ProjectConfigurationPlatforms) = postSolution
		{05E118E4-24F1-406A-8731-751405FB5B1F}.Debug|Any CPU.ActiveCfg = Debug|Any CPU
		{05E118E4-24F1-406A-8731-751405FB5B1F}.Debug|Any CPU.Build.0 = Debug|Any CPU
		{05E118E4-24F1-406A-8731-751405FB5B1F}.Release|Any CPU.ActiveCfg = Release|Any CPU
		{05E118E4-24F1-406A-8731-751405FB5B1F}.Release|Any CPU.Build.0 = Release|Any CPU
		{3CC9F4E9-47B5-4980-A4D4-4E8D61F313CE}.Debug|Any CPU.ActiveCfg = Debug|Any CPU
		{3CC9F4E9-47B5-4980-A4D4-4E8D61F313CE}.Debug|Any CPU.Build.0 = Debug|Any CPU
		{3CC9F4E9-47B5-4980-A4D4-4E8D61F313CE}.Debug|Any CPU.Deploy.0 = Debug|Any CPU
		{3CC9F4E9-47B5-4980-A4D4-4E8D61F313CE}.Release|Any CPU.ActiveCfg = Release|Any CPU
		{3CC9F4E9-47B5-4980-A4D4-4E8D61F313CE}.Release|Any CPU.Build.0 = Release|Any CPU
		{3CC9F4E9-47B5-4980-A4D4-4E8D61F313CE}.Release|Any CPU.Deploy.0 = Release|Any CPU
		{CFF5460C-452C-4FC6-B0A7-09DAB70CD7C3}.Debug|Any CPU.ActiveCfg = Debug|Any CPU
		{CFF5460C-452C-4FC6-B0A7-09DAB70CD7C3}.Debug|Any CPU.Build.0 = Debug|Any CPU
		{CFF5460C-452C-4FC6-B0A7-09DAB70CD7C3}.Release|Any CPU.ActiveCfg = Release|Any CPU
		{CFF5460C-452C-4FC6-B0A7-09DAB70CD7C3}.Release|Any CPU.Build.0 = Release|Any CPU
		{696DFD56-7B00-4D11-ABBF-2E97DB2206A0}.Debug|Any CPU.ActiveCfg = Debug|Any CPU
		{696DFD56-7B00-4D11-ABBF-2E97DB2206A0}.Debug|Any CPU.Build.0 = Debug|Any CPU
		{696DFD56-7B00-4D11-ABBF-2E97DB2206A0}.Release|Any CPU.ActiveCfg = Release|Any CPU
		{696DFD56-7B00-4D11-ABBF-2E97DB2206A0}.Release|Any CPU.Build.0 = Release|Any CPU
		{CCCC9C0E-FE7F-4C69-B20F-69B892F0FA52}.Debug|Any CPU.ActiveCfg = Debug|Any CPU
		{CCCC9C0E-FE7F-4C69-B20F-69B892F0FA52}.Debug|Any CPU.Build.0 = Debug|Any CPU
		{CCCC9C0E-FE7F-4C69-B20F-69B892F0FA52}.Release|Any CPU.ActiveCfg = Release|Any CPU
		{CCCC9C0E-FE7F-4C69-B20F-69B892F0FA52}.Release|Any CPU.Build.0 = Release|Any CPU
		{499D104C-97C6-4942-8967-791BF00C1181}.Debug|Any CPU.ActiveCfg = Debug|Any CPU
		{499D104C-97C6-4942-8967-791BF00C1181}.Debug|Any CPU.Build.0 = Debug|Any CPU
		{499D104C-97C6-4942-8967-791BF00C1181}.Release|Any CPU.ActiveCfg = Release|Any CPU
		{499D104C-97C6-4942-8967-791BF00C1181}.Release|Any CPU.Build.0 = Release|Any CPU
	EndGlobalSection
	GlobalSection(SolutionProperties) = preSolution
		HideSolutionNode = FALSE
	EndGlobalSection
	GlobalSection(NestedProjects) = preSolution
		{05E118E4-24F1-406A-8731-751405FB5B1F} = {7CCDDD33-FB34-4B2C-B45E-9228F2CC4EE8}
		{3CC9F4E9-47B5-4980-A4D4-4E8D61F313CE} = {F00635F7-36C3-409B-B506-B642A4D67439}
		{CFF5460C-452C-4FC6-B0A7-09DAB70CD7C3} = {FA20D2D2-E7B1-4AB1-8532-842108740183}
		{696DFD56-7B00-4D11-ABBF-2E97DB2206A0} = {7CCDDD33-FB34-4B2C-B45E-9228F2CC4EE8}
		{CCCC9C0E-FE7F-4C69-B20F-69B892F0FA52} = {FA20D2D2-E7B1-4AB1-8532-842108740183}
		{499D104C-97C6-4942-8967-791BF00C1181} = {7CCDDD33-FB34-4B2C-B45E-9228F2CC4EE8}
	EndGlobalSection
	GlobalSection(ExtensibilityGlobals) = postSolution
		SolutionGuid = {B80DE560-E14C-486B-8F2B-8E27E2BFAAD0}
	EndGlobalSection
EndGlobal
